PODS:
  - Flutter (1.0.0)
  - flutter_security_suite (1.0.0):
    - Flutter

DEPENDENCIES:
  - Flutter (from `Flutter`)
  - flutter_security_suite (from `.symlinks/plugins/flutter_security_suite/ios`)

EXTERNAL SOURCES:
  Flutter:
    :path: Flutter
  flutter_security_suite:
    :path: ".symlinks/plugins/flutter_security_suite/ios"

SPEC CHECKSUMS:
  Flutter: cabc95a1d2626b1b06e7179b784ebcf0c0cde467
  flutter_security_suite: 06dd5bada11d8b5bac8976175dd38eca00119f58

PODFILE CHECKSUM: 3c63482e143d1b91d2d2560aee9fb04ecc74ac7e

COCOAPODS: 1.16.2
